// !$*UTF8*$!
{
	archiveVersion = 1;
	classes = {
	};
	objectVersion = 52;
	objects = {

/* Begin PBXBuildFile section */
		2115D3D0A0148D5D3FA09634 /* Pods_CompileClock.framework in Frameworks */ = {isa = PBXBuildFile; fileRef = C701C13BEDA16A7F0D967F13 /* Pods_CompileClock.framework */; };
		B19CFDEE181CE80396460A9A /* Pods_CompileClockTests.framework in Frameworks */ = {isa = PBXBuildFile; fileRef = B26DD158E957AE9BC8E934E9 /* Pods_CompileClockTests.framework */; };
		BA0A41B622E32CEE00D5C1B0 /* WelcomeWindowController.xib in Resources */ = {isa = PBXBuildFile; fileRef = BA0A41B522E32CEE00D5C1B0 /* WelcomeWindowController.xib */; };
		BA0A41B822E3482C00D5C1B0 /* WelcomeWindowController.swift in Sources */ = {isa = PBXBuildFile; fileRef = BA0A41B722E3482C00D5C1B0 /* WelcomeWindowController.swift */; };
		BA0A41BA22E3586800D5C1B0 /* DerivedDataPanelManager.swift in Sources */ = {isa = PBXBuildFile; fileRef = BA0A41B922E3586800D5C1B0 /* DerivedDataPanelManager.swift */; };
		BA0A41BC22E35D0100D5C1B0 /* WelcomeManager.swift in Sources */ = {isa = PBXBuildFile; fileRef = BA0A41BB22E35D0100D5C1B0 /* WelcomeManager.swift */; };
		BA0FADA0238995ED00BA456F /* HelpManager.swift in Sources */ = {isa = PBXBuildFile; fileRef = BA0FAD9F238995ED00BA456F /* HelpManager.swift */; };
		BA12D3D6239E92D9008F17B0 /* Info.plist in Resources */ = {isa = PBXBuildFile; fileRef = BABD831D22D8D9200072A263 /* Info.plist */; };
		BA1E8333236DC4DF00837E9C /* KeychainAccess in Frameworks */ = {isa = PBXBuildFile; productRef = BA1E8332236DC4DF00837E9C /* KeychainAccess */; };
		BA1E8335236EBDFA00837E9C /* KeychainManager.swift in Sources */ = {isa = PBXBuildFile; fileRef = BA1E8334236EBDFA00837E9C /* KeychainManager.swift */; };
		BA201611232E736300190D46 /* APIManager.swift in Sources */ = {isa = PBXBuildFile; fileRef = BA201610232E736300190D46 /* APIManager.swift */; };
		BA29DA8B236B683F00F483D0 /* compileclock.com.der in Resources */ = {isa = PBXBuildFile; fileRef = BA29DA8A236B67AC00F483D0 /* compileclock.com.der */; };
		BA2D34A123520E6500E085B7 /* NSManagedObject+Extensions.swift in Sources */ = {isa = PBXBuildFile; fileRef = BA2D34A023520E6500E085B7 /* NSManagedObject+Extensions.swift */; };
		BA30DC1C2321174B0017030D /* User+CoreDataClass.swift in Sources */ = {isa = PBXBuildFile; fileRef = BA30DC1A2321174B0017030D /* User+CoreDataClass.swift */; };
		BA30DC1D2321174B0017030D /* User+CoreDataProperties.swift in Sources */ = {isa = PBXBuildFile; fileRef = BA30DC1B2321174B0017030D /* User+CoreDataProperties.swift */; };
		BA35A19B22E5EA01000ABC5E /* NSWindow+Extensions.swift in Sources */ = {isa = PBXBuildFile; fileRef = BA35A19A22E5EA01000ABC5E /* NSWindow+Extensions.swift */; };
		BA48A7C6238185C10090FC5E /* NSManagedObjectContext+Extensions.swift in Sources */ = {isa = PBXBuildFile; fileRef = BA48A7C5238185C10090FC5E /* NSManagedObjectContext+Extensions.swift */; };
		BA4D96D3230982A0007820EC /* NSAlert+Extensions.swift in Sources */ = {isa = PBXBuildFile; fileRef = BA4D96D2230982A0007820EC /* NSAlert+Extensions.swift */; };
		BA4E630422DB6B0C00F54E20 /* Listener.swift in Sources */ = {isa = PBXBuildFile; fileRef = BA4E630322DB6B0C00F54E20 /* Listener.swift */; };
		BA4F0F1E23927E18009DB373 /* LicenseChangeBroadcaster.swift in Sources */ = {isa = PBXBuildFile; fileRef = BA4F0F1D23927E18009DB373 /* LicenseChangeBroadcaster.swift */; };
		BA4F0F2123927FE2009DB373 /* Licensing.swift in Sources */ = {isa = PBXBuildFile; fileRef = BA4F0F2023927FE2009DB373 /* Licensing.swift */; };
		BA4F0F2323928AF1009DB373 /* LicensingProvider.swift in Sources */ = {isa = PBXBuildFile; fileRef = BA4F0F2223928AF1009DB373 /* LicensingProvider.swift */; };
		BA51957A22D8DB0600947899 /* Gzip in Frameworks */ = {isa = PBXBuildFile; productRef = BA51957922D8DB0600947899 /* Gzip */; };
		BA5EC74522DE010C009632E3 /* StatsViewController.swift in Sources */ = {isa = PBXBuildFile; fileRef = BA5EC74322DE010C009632E3 /* StatsViewController.swift */; };
		BA5EC74622DE010C009632E3 /* StatsViewController.xib in Resources */ = {isa = PBXBuildFile; fileRef = BA5EC74422DE010C009632E3 /* StatsViewController.xib */; };
		BA5FAC5A23193BC900074668 /* Date+Extensions.swift in Sources */ = {isa = PBXBuildFile; fileRef = BA5FAC5923193BC900074668 /* Date+Extensions.swift */; };
		BA743AFD22DA1D18009A6748 /* FileManager+Extensions.swift in Sources */ = {isa = PBXBuildFile; fileRef = BA743AFC22DA1D18009A6748 /* FileManager+Extensions.swift */; };
		BA75DD652390044C00A7FF3F /* CocoaFob.framework in Frameworks */ = {isa = PBXBuildFile; fileRef = BA75DD642390044C00A7FF3F /* CocoaFob.framework */; };
		BA75DD662390044C00A7FF3F /* CocoaFob.framework in Embed Frameworks */ = {isa = PBXBuildFile; fileRef = BA75DD642390044C00A7FF3F /* CocoaFob.framework */; settings = {ATTRIBUTES = (CodeSignOnCopy, RemoveHeadersOnCopy, ); }; };
		BA75DD6923900DF600A7FF3F /* LicenseKeyVerifier.swift in Sources */ = {isa = PBXBuildFile; fileRef = BA75DD6823900DF600A7FF3F /* LicenseKeyVerifier.swift */; };
		BA75DD6C23901DF800A7FF3F /* License.swift in Sources */ = {isa = PBXBuildFile; fileRef = BA75DD6B23901DF800A7FF3F /* License.swift */; };
		BA75DD6E23901E9900A7FF3F /* LicenseProvider.swift in Sources */ = {isa = PBXBuildFile; fileRef = BA75DD6D23901E9900A7FF3F /* LicenseProvider.swift */; };
		BA7848B923004361005BD748 /* LogUtility.swift in Sources */ = {isa = PBXBuildFile; fileRef = BA7848B823004361005BD748 /* LogUtility.swift */; };
		BA87B370233FC4EB00B5330F /* EndpointType.swift in Sources */ = {isa = PBXBuildFile; fileRef = BA87B36F233FC4EB00B5330F /* EndpointType.swift */; };
		BA87B373233FC61700B5330F /* Encoders.swift in Sources */ = {isa = PBXBuildFile; fileRef = BA87B372233FC61700B5330F /* Encoders.swift */; };
		BA87B376233FC65700B5330F /* HTTPTask.swift in Sources */ = {isa = PBXBuildFile; fileRef = BA87B375233FC65700B5330F /* HTTPTask.swift */; };
		BA87B378233FC7DB00B5330F /* URLParameterEncoder.swift in Sources */ = {isa = PBXBuildFile; fileRef = BA87B377233FC7DB00B5330F /* URLParameterEncoder.swift */; };
		BA87B37A233FCA8400B5330F /* JSONBodyEncoder.swift in Sources */ = {isa = PBXBuildFile; fileRef = BA87B379233FCA8400B5330F /* JSONBodyEncoder.swift */; };
		BA87B37C2340AFBE00B5330F /* NetworkRouter.swift in Sources */ = {isa = PBXBuildFile; fileRef = BA87B37B2340AFBE00B5330F /* NetworkRouter.swift */; };
		BA87B37E2340B14800B5330F /* Router.swift in Sources */ = {isa = PBXBuildFile; fileRef = BA87B37D2340B14800B5330F /* Router.swift */; };
		BA87B3802340BC6200B5330F /* Endpoints.swift in Sources */ = {isa = PBXBuildFile; fileRef = BA87B37F2340BC6200B5330F /* Endpoints.swift */; };
		BA8C3FCE22DCC1B30051BFD5 /* StatsManager.swift in Sources */ = {isa = PBXBuildFile; fileRef = BA8C3FCD22DCC1B30051BFD5 /* StatsManager.swift */; };
		BA8C3FD022DCC5260051BFD5 /* StatsWindowController.swift in Sources */ = {isa = PBXBuildFile; fileRef = BA8C3FCF22DCC5260051BFD5 /* StatsWindowController.swift */; };
		BA8C3FD222DCC53F0051BFD5 /* StatsWindowController.xib in Resources */ = {isa = PBXBuildFile; fileRef = BA8C3FD122DCC53F0051BFD5 /* StatsWindowController.xib */; };
		BA8D506F22E0609A005EE413 /* AdvancedPreferencesViewController.swift in Sources */ = {isa = PBXBuildFile; fileRef = BA8D506D22E0609A005EE413 /* AdvancedPreferencesViewController.swift */; };
		BA8D507022E0609A005EE413 /* AdvancedPreferencesViewController.xib in Resources */ = {isa = PBXBuildFile; fileRef = BA8D506E22E0609A005EE413 /* AdvancedPreferencesViewController.xib */; };
		BA8D507222E1E136005EE413 /* StatsViewModel.swift in Sources */ = {isa = PBXBuildFile; fileRef = BA8D507122E1E136005EE413 /* StatsViewModel.swift */; };
		BA94A3FF23213A740075423A /* DatabaseManager.swift in Sources */ = {isa = PBXBuildFile; fileRef = BA94A3FE23213A740075423A /* DatabaseManager.swift */; };
		BA9579E52305D3EF00445804 /* NSAppearance+Extensions.swift in Sources */ = {isa = PBXBuildFile; fileRef = BA9579E42305D3EF00445804 /* NSAppearance+Extensions.swift */; };
		BA9AF57E22EDA9540014790C /* Calender+Extensions.swift in Sources */ = {isa = PBXBuildFile; fileRef = BA9AF57D22EDA9540014790C /* Calender+Extensions.swift */; };
		BA9FC1922390223A009A886F /* LicenseWriter.swift in Sources */ = {isa = PBXBuildFile; fileRef = BA9FC1912390223A009A886F /* LicenseWriter.swift */; };
		BA9FC19423902D90009A886F /* LicenseFactory.swift in Sources */ = {isa = PBXBuildFile; fileRef = BA9FC19323902D90009A886F /* LicenseFactory.swift */; };
		BA9FC19623913851009A886F /* RegisterService.swift in Sources */ = {isa = PBXBuildFile; fileRef = BA9FC19523913851009A886F /* RegisterService.swift */; };
		BA9FC19A2391412D009A886F /* LicenseWindowController.xib in Resources */ = {isa = PBXBuildFile; fileRef = BA9FC1992391412D009A886F /* LicenseWindowController.xib */; };
		BAA7F9B822FEF59300C37E26 /* StatusItemAnimationManager.swift in Sources */ = {isa = PBXBuildFile; fileRef = BAA7F9B722FEF59300C37E26 /* StatusItemAnimationManager.swift */; };
		BAB38AEC232557AE0057F635 /* URLRequest+Extensions.swift in Sources */ = {isa = PBXBuildFile; fileRef = BAB38AEB232557AE0057F635 /* URLRequest+Extensions.swift */; };
		BABD831722D8D91F0072A263 /* CompileClock.xcdatamodeld in Sources */ = {isa = PBXBuildFile; fileRef = BABD831522D8D91F0072A263 /* CompileClock.xcdatamodeld */; };
		BABD832822D8D9200072A263 /* BuildBuddyTests.swift in Sources */ = {isa = PBXBuildFile; fileRef = BABD832722D8D9200072A263 /* BuildBuddyTests.swift */; };
		BABD833B22D8D9480072A263 /* XcodeProjectMenuItem.swift in Sources */ = {isa = PBXBuildFile; fileRef = BABD833622D8D9480072A263 /* XcodeProjectMenuItem.swift */; };
		BABD834322D8D94F0072A263 /* ActivityLogManager.swift in Sources */ = {isa = PBXBuildFile; fileRef = BABD833E22D8D94F0072A263 /* ActivityLogManager.swift */; };
		BABD834422D8D94F0072A263 /* XcodeProjectMenuItemHelper.swift in Sources */ = {isa = PBXBuildFile; fileRef = BABD833F22D8D94F0072A263 /* XcodeProjectMenuItemHelper.swift */; };
		BABD834622D8D94F0072A263 /* XcodeProjectManager.swift in Sources */ = {isa = PBXBuildFile; fileRef = BABD834122D8D94F0072A263 /* XcodeProjectManager.swift */; };
		BABD834722D8D94F0072A263 /* PreferencesManager.swift in Sources */ = {isa = PBXBuildFile; fileRef = BABD834222D8D94F0072A263 /* PreferencesManager.swift */; };
		BABD834A22D8D9580072A263 /* CoreDataManager.swift in Sources */ = {isa = PBXBuildFile; fileRef = BABD834922D8D9580072A263 /* CoreDataManager.swift */; };
		BABD834F22D8D95E0072A263 /* String+Extensions.swift in Sources */ = {isa = PBXBuildFile; fileRef = BABD834C22D8D95E0072A263 /* String+Extensions.swift */; };
		BABD835022D8D95E0072A263 /* UserDefaults+Extensions.swift in Sources */ = {isa = PBXBuildFile; fileRef = BABD834D22D8D95E0072A263 /* UserDefaults+Extensions.swift */; };
		BABD835122D8D95E0072A263 /* Double+Extensions.swift in Sources */ = {isa = PBXBuildFile; fileRef = BABD834E22D8D95E0072A263 /* Double+Extensions.swift */; };
		BABD835922D8D9680072A263 /* DatePickerPopoverViewController.xib in Resources */ = {isa = PBXBuildFile; fileRef = BABD835322D8D9680072A263 /* DatePickerPopoverViewController.xib */; };
		BABD835A22D8D9680072A263 /* MainMenu.xib in Resources */ = {isa = PBXBuildFile; fileRef = BABD835422D8D9680072A263 /* MainMenu.xib */; };
		BABD835B22D8D9680072A263 /* MenuPreferencesViewController.xib in Resources */ = {isa = PBXBuildFile; fileRef = BABD835622D8D9680072A263 /* MenuPreferencesViewController.xib */; };
		BABD835C22D8D9680072A263 /* BuildListWindowController.xib in Resources */ = {isa = PBXBuildFile; fileRef = BABD835722D8D9680072A263 /* BuildListWindowController.xib */; };
		BABD835D22D8D9680072A263 /* PreferencesWindowController.xib in Resources */ = {isa = PBXBuildFile; fileRef = BABD835822D8D9680072A263 /* PreferencesWindowController.xib */; };
		BABD836322D8D96F0072A263 /* BuildListWindowController.swift in Sources */ = {isa = PBXBuildFile; fileRef = BABD835F22D8D96F0072A263 /* BuildListWindowController.swift */; };
		BABD836422D8D96F0072A263 /* DatePickerPopoverViewController.swift in Sources */ = {isa = PBXBuildFile; fileRef = BABD836022D8D96F0072A263 /* DatePickerPopoverViewController.swift */; };
		BABD836522D8D96F0072A263 /* PreferencesWindowController.swift in Sources */ = {isa = PBXBuildFile; fileRef = BABD836122D8D96F0072A263 /* PreferencesWindowController.swift */; };
		BABD836622D8D96F0072A263 /* MenuPreferencesViewController.swift in Sources */ = {isa = PBXBuildFile; fileRef = BABD836222D8D96F0072A263 /* MenuPreferencesViewController.swift */; };
		BABD836822D8D9800072A263 /* AppDelegate.swift in Sources */ = {isa = PBXBuildFile; fileRef = BABD836722D8D9800072A263 /* AppDelegate.swift */; };
		BABD836A22D8D98B0072A263 /* Assets.xcassets in Resources */ = {isa = PBXBuildFile; fileRef = BABD836922D8D98B0072A263 /* Assets.xcassets */; };
		BABF851A22DB25550032FF16 /* FetchingMenuItemView.xib in Resources */ = {isa = PBXBuildFile; fileRef = BABF851922DB25550032FF16 /* FetchingMenuItemView.xib */; };
		BAC193E32348FDB9008A4D80 /* Environment.swift in Sources */ = {isa = PBXBuildFile; fileRef = BAC193E22348FDB9008A4D80 /* Environment.swift */; };
		BAC2213122F5C2C300025361 /* AlternateNamesWindowController.swift in Sources */ = {isa = PBXBuildFile; fileRef = BAC2213022F5C2C300025361 /* AlternateNamesWindowController.swift */; };
		BAC2213522F5C33500025361 /* AlternateNamesWindowController.xib in Resources */ = {isa = PBXBuildFile; fileRef = BAC2213422F5C33500025361 /* AlternateNamesWindowController.xib */; };
		BACEFC5123101A1A00819815 /* ProjectPreferencesViewController.swift in Sources */ = {isa = PBXBuildFile; fileRef = BACEFC4F23101A1A00819815 /* ProjectPreferencesViewController.swift */; };
		BACEFC5223101A1A00819815 /* ProjectPreferencesViewController.xib in Resources */ = {isa = PBXBuildFile; fileRef = BACEFC5023101A1A00819815 /* ProjectPreferencesViewController.xib */; };
		BAD6584922DB38600004DF1F /* FetchingMenuItemViewController.swift in Sources */ = {isa = PBXBuildFile; fileRef = BAD6584822DB38600004DF1F /* FetchingMenuItemViewController.swift */; };
		BAE9EDD322D8E2D600DFFA7D /* XcodeBuild+CoreDataClass.swift in Sources */ = {isa = PBXBuildFile; fileRef = BAE9EDCF22D8E2D600DFFA7D /* XcodeBuild+CoreDataClass.swift */; };
		BAE9EDD422D8E2D600DFFA7D /* XcodeBuild+CoreDataProperties.swift in Sources */ = {isa = PBXBuildFile; fileRef = BAE9EDD022D8E2D600DFFA7D /* XcodeBuild+CoreDataProperties.swift */; };
		BAE9EDD522D8E2D600DFFA7D /* XcodeProject+CoreDataClass.swift in Sources */ = {isa = PBXBuildFile; fileRef = BAE9EDD122D8E2D600DFFA7D /* XcodeProject+CoreDataClass.swift */; };
		BAE9EDD622D8E2D600DFFA7D /* XcodeProject+CoreDataProperties.swift in Sources */ = {isa = PBXBuildFile; fileRef = BAE9EDD222D8E2D600DFFA7D /* XcodeProject+CoreDataProperties.swift */; };
		BAEBA9E922EB75FA000A7FE0 /* FetchingMenuItemManager.swift in Sources */ = {isa = PBXBuildFile; fileRef = BAEBA9E822EB75FA000A7FE0 /* FetchingMenuItemManager.swift */; };
		BAEBBB3A231701530043A0B0 /* HelpWindowController.xib in Resources */ = {isa = PBXBuildFile; fileRef = BAEBBB39231701530043A0B0 /* HelpWindowController.xib */; };
		BAEBBB3C231701C30043A0B0 /* HelpWindowController.swift in Sources */ = {isa = PBXBuildFile; fileRef = BAEBBB3B231701C30043A0B0 /* HelpWindowController.swift */; };
		BAF5957323914BC20053C817 /* LicenseWindowController.swift in Sources */ = {isa = PBXBuildFile; fileRef = BAF5957223914BC20053C817 /* LicenseWindowController.swift */; };
		BAF5957623914D800053C817 /* LicenseViewController.swift in Sources */ = {isa = PBXBuildFile; fileRef = BAF5957523914D800053C817 /* LicenseViewController.swift */; };
		BAF85FB7238C0A1F001CE547 /* NSUserNotification+Extensions.swift in Sources */ = {isa = PBXBuildFile; fileRef = BAF85FB6238C0A1F001CE547 /* NSUserNotification+Extensions.swift */; };
/* End PBXBuildFile section */

/* Begin PBXContainerItemProxy section */
		BABD832422D8D9200072A263 /* PBXContainerItemProxy */ = {
			isa = PBXContainerItemProxy;
			containerPortal = BABD830822D8D91F0072A263 /* Project object */;
			proxyType = 1;
			remoteGlobalIDString = BABD830F22D8D91F0072A263;
			remoteInfo = BuildBuddy;
		};
/* End PBXContainerItemProxy section */

/* Begin PBXCopyFilesBuildPhase section */
		BA75DD672390044C00A7FF3F /* Embed Frameworks */ = {
			isa = PBXCopyFilesBuildPhase;
			buildActionMask = 2147483647;
			dstPath = "";
			dstSubfolderSpec = 10;
			files = (
				BA75DD662390044C00A7FF3F /* CocoaFob.framework in Embed Frameworks */,
			);
			name = "Embed Frameworks";
			runOnlyForDeploymentPostprocessing = 0;
		};
/* End PBXCopyFilesBuildPhase section */

/* Begin PBXFileReference section */
		429DDD52CD1EFE6F8804E490 /* Pods-CompileClockTests.debug.xcconfig */ = {isa = PBXFileReference; includeInIndex = 1; lastKnownFileType = text.xcconfig; name = "Pods-CompileClockTests.debug.xcconfig"; path = "Target Support Files/Pods-CompileClockTests/Pods-CompileClockTests.debug.xcconfig"; sourceTree = "<group>"; };
		4BCE8BE092A0AEB49408EFD7 /* Pods-CompileClockTests.release.xcconfig */ = {isa = PBXFileReference; includeInIndex = 1; lastKnownFileType = text.xcconfig; name = "Pods-CompileClockTests.release.xcconfig"; path = "Target Support Files/Pods-CompileClockTests/Pods-CompileClockTests.release.xcconfig"; sourceTree = "<group>"; };
		713BCD1F189F935132B9E64C /* Pods_BuildBuddy.framework */ = {isa = PBXFileReference; explicitFileType = wrapper.framework; includeInIndex = 0; path = Pods_BuildBuddy.framework; sourceTree = BUILT_PRODUCTS_DIR; };
		956ABBE09BC9E78B33F69243 /* Pods-CompileClock.debug.xcconfig */ = {isa = PBXFileReference; includeInIndex = 1; lastKnownFileType = text.xcconfig; name = "Pods-CompileClock.debug.xcconfig"; path = "Target Support Files/Pods-CompileClock/Pods-CompileClock.debug.xcconfig"; sourceTree = "<group>"; };
		B26DD158E957AE9BC8E934E9 /* Pods_CompileClockTests.framework */ = {isa = PBXFileReference; explicitFileType = wrapper.framework; includeInIndex = 0; path = Pods_CompileClockTests.framework; sourceTree = BUILT_PRODUCTS_DIR; };
		BA0A41B522E32CEE00D5C1B0 /* WelcomeWindowController.xib */ = {isa = PBXFileReference; lastKnownFileType = file.xib; path = WelcomeWindowController.xib; sourceTree = "<group>"; };
		BA0A41B722E3482C00D5C1B0 /* WelcomeWindowController.swift */ = {isa = PBXFileReference; lastKnownFileType = sourcecode.swift; path = WelcomeWindowController.swift; sourceTree = "<group>"; };
		BA0A41B922E3586800D5C1B0 /* DerivedDataPanelManager.swift */ = {isa = PBXFileReference; lastKnownFileType = sourcecode.swift; path = DerivedDataPanelManager.swift; sourceTree = "<group>"; };
		BA0A41BB22E35D0100D5C1B0 /* WelcomeManager.swift */ = {isa = PBXFileReference; lastKnownFileType = sourcecode.swift; path = WelcomeManager.swift; sourceTree = "<group>"; };
		BA0FAD9F238995ED00BA456F /* HelpManager.swift */ = {isa = PBXFileReference; lastKnownFileType = sourcecode.swift; path = HelpManager.swift; sourceTree = "<group>"; };
		BA1E8334236EBDFA00837E9C /* KeychainManager.swift */ = {isa = PBXFileReference; lastKnownFileType = sourcecode.swift; path = KeychainManager.swift; sourceTree = "<group>"; };
		BA201610232E736300190D46 /* APIManager.swift */ = {isa = PBXFileReference; lastKnownFileType = sourcecode.swift; path = APIManager.swift; sourceTree = "<group>"; };
		BA29DA8A236B67AC00F483D0 /* compileclock.com.der */ = {isa = PBXFileReference; lastKnownFileType = file; name = compileclock.com.der; path = ../../compileclock.com.der; sourceTree = "<group>"; };
		BA2D34A023520E6500E085B7 /* NSManagedObject+Extensions.swift */ = {isa = PBXFileReference; lastKnownFileType = sourcecode.swift; path = "NSManagedObject+Extensions.swift"; sourceTree = "<group>"; };
		BA30DC1A2321174B0017030D /* User+CoreDataClass.swift */ = {isa = PBXFileReference; lastKnownFileType = sourcecode.swift; path = "User+CoreDataClass.swift"; sourceTree = "<group>"; };
		BA30DC1B2321174B0017030D /* User+CoreDataProperties.swift */ = {isa = PBXFileReference; lastKnownFileType = sourcecode.swift; path = "User+CoreDataProperties.swift"; sourceTree = "<group>"; };
		BA35A19A22E5EA01000ABC5E /* NSWindow+Extensions.swift */ = {isa = PBXFileReference; lastKnownFileType = sourcecode.swift; path = "NSWindow+Extensions.swift"; sourceTree = "<group>"; };
		BA48A7C5238185C10090FC5E /* NSManagedObjectContext+Extensions.swift */ = {isa = PBXFileReference; lastKnownFileType = sourcecode.swift; path = "NSManagedObjectContext+Extensions.swift"; sourceTree = "<group>"; };
		BA4D96D2230982A0007820EC /* NSAlert+Extensions.swift */ = {isa = PBXFileReference; lastKnownFileType = sourcecode.swift; path = "NSAlert+Extensions.swift"; sourceTree = "<group>"; };
		BA4E630322DB6B0C00F54E20 /* Listener.swift */ = {isa = PBXFileReference; lastKnownFileType = sourcecode.swift; path = Listener.swift; sourceTree = "<group>"; };
		BA4F0F1D23927E18009DB373 /* LicenseChangeBroadcaster.swift */ = {isa = PBXFileReference; lastKnownFileType = sourcecode.swift; path = LicenseChangeBroadcaster.swift; sourceTree = "<group>"; };
		BA4F0F2023927FE2009DB373 /* Licensing.swift */ = {isa = PBXFileReference; lastKnownFileType = sourcecode.swift; path = Licensing.swift; sourceTree = "<group>"; };
		BA4F0F2223928AF1009DB373 /* LicensingProvider.swift */ = {isa = PBXFileReference; lastKnownFileType = sourcecode.swift; path = LicensingProvider.swift; sourceTree = "<group>"; };
		BA5EC74322DE010C009632E3 /* StatsViewController.swift */ = {isa = PBXFileReference; lastKnownFileType = sourcecode.swift; path = StatsViewController.swift; sourceTree = "<group>"; };
		BA5EC74422DE010C009632E3 /* StatsViewController.xib */ = {isa = PBXFileReference; lastKnownFileType = file.xib; path = StatsViewController.xib; sourceTree = "<group>"; };
		BA5FAC5923193BC900074668 /* Date+Extensions.swift */ = {isa = PBXFileReference; lastKnownFileType = sourcecode.swift; path = "Date+Extensions.swift"; sourceTree = "<group>"; };
		BA743AFC22DA1D18009A6748 /* FileManager+Extensions.swift */ = {isa = PBXFileReference; lastKnownFileType = sourcecode.swift; path = "FileManager+Extensions.swift"; sourceTree = "<group>"; };
		BA75DD642390044C00A7FF3F /* CocoaFob.framework */ = {isa = PBXFileReference; lastKnownFileType = wrapper.framework; name = CocoaFob.framework; path = Carthage/Build/Mac/CocoaFob.framework; sourceTree = "<group>"; };
		BA75DD6823900DF600A7FF3F /* LicenseKeyVerifier.swift */ = {isa = PBXFileReference; lastKnownFileType = sourcecode.swift; path = LicenseKeyVerifier.swift; sourceTree = "<group>"; };
		BA75DD6B23901DF800A7FF3F /* License.swift */ = {isa = PBXFileReference; lastKnownFileType = sourcecode.swift; path = License.swift; sourceTree = "<group>"; };
		BA75DD6D23901E9900A7FF3F /* LicenseProvider.swift */ = {isa = PBXFileReference; lastKnownFileType = sourcecode.swift; path = LicenseProvider.swift; sourceTree = "<group>"; };
		BA7848B823004361005BD748 /* LogUtility.swift */ = {isa = PBXFileReference; lastKnownFileType = sourcecode.swift; path = LogUtility.swift; sourceTree = "<group>"; };
		BA87B36F233FC4EB00B5330F /* EndpointType.swift */ = {isa = PBXFileReference; lastKnownFileType = sourcecode.swift; path = EndpointType.swift; sourceTree = "<group>"; };
		BA87B372233FC61700B5330F /* Encoders.swift */ = {isa = PBXFileReference; lastKnownFileType = sourcecode.swift; path = Encoders.swift; sourceTree = "<group>"; };
		BA87B375233FC65700B5330F /* HTTPTask.swift */ = {isa = PBXFileReference; lastKnownFileType = sourcecode.swift; path = HTTPTask.swift; sourceTree = "<group>"; };
		BA87B377233FC7DB00B5330F /* URLParameterEncoder.swift */ = {isa = PBXFileReference; lastKnownFileType = sourcecode.swift; path = URLParameterEncoder.swift; sourceTree = "<group>"; };
		BA87B379233FCA8400B5330F /* JSONBodyEncoder.swift */ = {isa = PBXFileReference; lastKnownFileType = sourcecode.swift; path = JSONBodyEncoder.swift; sourceTree = "<group>"; };
		BA87B37B2340AFBE00B5330F /* NetworkRouter.swift */ = {isa = PBXFileReference; lastKnownFileType = sourcecode.swift; path = NetworkRouter.swift; sourceTree = "<group>"; };
		BA87B37D2340B14800B5330F /* Router.swift */ = {isa = PBXFileReference; lastKnownFileType = sourcecode.swift; path = Router.swift; sourceTree = "<group>"; };
		BA87B37F2340BC6200B5330F /* Endpoints.swift */ = {isa = PBXFileReference; lastKnownFileType = sourcecode.swift; path = Endpoints.swift; sourceTree = "<group>"; };
		BA8C3FCD22DCC1B30051BFD5 /* StatsManager.swift */ = {isa = PBXFileReference; lastKnownFileType = sourcecode.swift; path = StatsManager.swift; sourceTree = "<group>"; };
		BA8C3FCF22DCC5260051BFD5 /* StatsWindowController.swift */ = {isa = PBXFileReference; lastKnownFileType = sourcecode.swift; path = StatsWindowController.swift; sourceTree = "<group>"; };
		BA8C3FD122DCC53F0051BFD5 /* StatsWindowController.xib */ = {isa = PBXFileReference; lastKnownFileType = file.xib; path = StatsWindowController.xib; sourceTree = "<group>"; };
		BA8D506D22E0609A005EE413 /* AdvancedPreferencesViewController.swift */ = {isa = PBXFileReference; lastKnownFileType = sourcecode.swift; path = AdvancedPreferencesViewController.swift; sourceTree = "<group>"; };
		BA8D506E22E0609A005EE413 /* AdvancedPreferencesViewController.xib */ = {isa = PBXFileReference; lastKnownFileType = file.xib; path = AdvancedPreferencesViewController.xib; sourceTree = "<group>"; };
		BA8D507122E1E136005EE413 /* StatsViewModel.swift */ = {isa = PBXFileReference; lastKnownFileType = sourcecode.swift; path = StatsViewModel.swift; sourceTree = "<group>"; };
		BA94A3FE23213A740075423A /* DatabaseManager.swift */ = {isa = PBXFileReference; lastKnownFileType = sourcecode.swift; path = DatabaseManager.swift; sourceTree = "<group>"; };
		BA9579E42305D3EF00445804 /* NSAppearance+Extensions.swift */ = {isa = PBXFileReference; lastKnownFileType = sourcecode.swift; path = "NSAppearance+Extensions.swift"; sourceTree = "<group>"; };
		BA9AF57D22EDA9540014790C /* Calender+Extensions.swift */ = {isa = PBXFileReference; lastKnownFileType = sourcecode.swift; path = "Calender+Extensions.swift"; sourceTree = "<group>"; };
		BA9FC1912390223A009A886F /* LicenseWriter.swift */ = {isa = PBXFileReference; lastKnownFileType = sourcecode.swift; path = LicenseWriter.swift; sourceTree = "<group>"; };
		BA9FC19323902D90009A886F /* LicenseFactory.swift */ = {isa = PBXFileReference; lastKnownFileType = sourcecode.swift; path = LicenseFactory.swift; sourceTree = "<group>"; };
		BA9FC19523913851009A886F /* RegisterService.swift */ = {isa = PBXFileReference; lastKnownFileType = sourcecode.swift; path = RegisterService.swift; sourceTree = "<group>"; };
		BA9FC1992391412D009A886F /* LicenseWindowController.xib */ = {isa = PBXFileReference; lastKnownFileType = file.xib; path = LicenseWindowController.xib; sourceTree = "<group>"; };
		BAA7F9B722FEF59300C37E26 /* StatusItemAnimationManager.swift */ = {isa = PBXFileReference; lastKnownFileType = sourcecode.swift; path = StatusItemAnimationManager.swift; sourceTree = "<group>"; };
		BAB38AEB232557AE0057F635 /* URLRequest+Extensions.swift */ = {isa = PBXFileReference; lastKnownFileType = sourcecode.swift; path = "URLRequest+Extensions.swift"; sourceTree = "<group>"; };
		BABD831022D8D91F0072A263 /* CompileClock.app */ = {isa = PBXFileReference; explicitFileType = wrapper.application; includeInIndex = 0; path = CompileClock.app; sourceTree = BUILT_PRODUCTS_DIR; };
		BABD831622D8D91F0072A263 /* CompileClock.xcdatamodel */ = {isa = PBXFileReference; lastKnownFileType = wrapper.xcdatamodel; path = CompileClock.xcdatamodel; sourceTree = "<group>"; };
		BABD831D22D8D9200072A263 /* Info.plist */ = {isa = PBXFileReference; lastKnownFileType = text.plist.xml; path = Info.plist; sourceTree = "<group>"; };
		BABD832322D8D9200072A263 /* CompileClockTests.xctest */ = {isa = PBXFileReference; explicitFileType = wrapper.cfbundle; includeInIndex = 0; path = CompileClockTests.xctest; sourceTree = BUILT_PRODUCTS_DIR; };
		BABD832722D8D9200072A263 /* BuildBuddyTests.swift */ = {isa = PBXFileReference; lastKnownFileType = sourcecode.swift; path = BuildBuddyTests.swift; sourceTree = "<group>"; };
		BABD832922D8D9200072A263 /* Info.plist */ = {isa = PBXFileReference; lastKnownFileType = text.plist.xml; path = Info.plist; sourceTree = "<group>"; };
		BABD833622D8D9480072A263 /* XcodeProjectMenuItem.swift */ = {isa = PBXFileReference; fileEncoding = 4; lastKnownFileType = sourcecode.swift; path = XcodeProjectMenuItem.swift; sourceTree = "<group>"; };
		BABD833E22D8D94F0072A263 /* ActivityLogManager.swift */ = {isa = PBXFileReference; fileEncoding = 4; lastKnownFileType = sourcecode.swift; path = ActivityLogManager.swift; sourceTree = "<group>"; };
		BABD833F22D8D94F0072A263 /* XcodeProjectMenuItemHelper.swift */ = {isa = PBXFileReference; fileEncoding = 4; lastKnownFileType = sourcecode.swift; path = XcodeProjectMenuItemHelper.swift; sourceTree = "<group>"; };
		BABD834122D8D94F0072A263 /* XcodeProjectManager.swift */ = {isa = PBXFileReference; fileEncoding = 4; lastKnownFileType = sourcecode.swift; path = XcodeProjectManager.swift; sourceTree = "<group>"; };
		BABD834222D8D94F0072A263 /* PreferencesManager.swift */ = {isa = PBXFileReference; fileEncoding = 4; lastKnownFileType = sourcecode.swift; path = PreferencesManager.swift; sourceTree = "<group>"; };
		BABD834922D8D9580072A263 /* CoreDataManager.swift */ = {isa = PBXFileReference; fileEncoding = 4; lastKnownFileType = sourcecode.swift; path = CoreDataManager.swift; sourceTree = "<group>"; };
		BABD834C22D8D95E0072A263 /* String+Extensions.swift */ = {isa = PBXFileReference; fileEncoding = 4; lastKnownFileType = sourcecode.swift; path = "String+Extensions.swift"; sourceTree = "<group>"; };
		BABD834D22D8D95E0072A263 /* UserDefaults+Extensions.swift */ = {isa = PBXFileReference; fileEncoding = 4; lastKnownFileType = sourcecode.swift; path = "UserDefaults+Extensions.swift"; sourceTree = "<group>"; };
		BABD834E22D8D95E0072A263 /* Double+Extensions.swift */ = {isa = PBXFileReference; fileEncoding = 4; lastKnownFileType = sourcecode.swift; path = "Double+Extensions.swift"; sourceTree = "<group>"; };
		BABD835322D8D9680072A263 /* DatePickerPopoverViewController.xib */ = {isa = PBXFileReference; fileEncoding = 4; lastKnownFileType = file.xib; path = DatePickerPopoverViewController.xib; sourceTree = "<group>"; };
		BABD835522D8D9680072A263 /* Base */ = {isa = PBXFileReference; lastKnownFileType = file.xib; name = Base; path = Base.lproj/MainMenu.xib; sourceTree = "<group>"; };
		BABD835622D8D9680072A263 /* MenuPreferencesViewController.xib */ = {isa = PBXFileReference; fileEncoding = 4; lastKnownFileType = file.xib; path = MenuPreferencesViewController.xib; sourceTree = "<group>"; };
		BABD835722D8D9680072A263 /* BuildListWindowController.xib */ = {isa = PBXFileReference; fileEncoding = 4; lastKnownFileType = file.xib; path = BuildListWindowController.xib; sourceTree = "<group>"; };
		BABD835822D8D9680072A263 /* PreferencesWindowController.xib */ = {isa = PBXFileReference; fileEncoding = 4; lastKnownFileType = file.xib; path = PreferencesWindowController.xib; sourceTree = "<group>"; };
		BABD835F22D8D96F0072A263 /* BuildListWindowController.swift */ = {isa = PBXFileReference; fileEncoding = 4; lastKnownFileType = sourcecode.swift; path = BuildListWindowController.swift; sourceTree = "<group>"; };
		BABD836022D8D96F0072A263 /* DatePickerPopoverViewController.swift */ = {isa = PBXFileReference; fileEncoding = 4; lastKnownFileType = sourcecode.swift; path = DatePickerPopoverViewController.swift; sourceTree = "<group>"; };
		BABD836122D8D96F0072A263 /* PreferencesWindowController.swift */ = {isa = PBXFileReference; fileEncoding = 4; lastKnownFileType = sourcecode.swift; path = PreferencesWindowController.swift; sourceTree = "<group>"; };
		BABD836222D8D96F0072A263 /* MenuPreferencesViewController.swift */ = {isa = PBXFileReference; fileEncoding = 4; lastKnownFileType = sourcecode.swift; path = MenuPreferencesViewController.swift; sourceTree = "<group>"; };
		BABD836722D8D9800072A263 /* AppDelegate.swift */ = {isa = PBXFileReference; fileEncoding = 4; lastKnownFileType = sourcecode.swift; path = AppDelegate.swift; sourceTree = "<group>"; };
		BABD836922D8D98B0072A263 /* Assets.xcassets */ = {isa = PBXFileReference; lastKnownFileType = folder.assetcatalog; path = Assets.xcassets; sourceTree = "<group>"; };
		BABF851922DB25550032FF16 /* FetchingMenuItemView.xib */ = {isa = PBXFileReference; lastKnownFileType = file.xib; path = FetchingMenuItemView.xib; sourceTree = "<group>"; };
		BAC193E22348FDB9008A4D80 /* Environment.swift */ = {isa = PBXFileReference; lastKnownFileType = sourcecode.swift; path = Environment.swift; sourceTree = "<group>"; };
		BAC2213022F5C2C300025361 /* AlternateNamesWindowController.swift */ = {isa = PBXFileReference; lastKnownFileType = sourcecode.swift; path = AlternateNamesWindowController.swift; sourceTree = "<group>"; };
		BAC2213422F5C33500025361 /* AlternateNamesWindowController.xib */ = {isa = PBXFileReference; lastKnownFileType = file.xib; path = AlternateNamesWindowController.xib; sourceTree = "<group>"; };
		BACEFC4F23101A1A00819815 /* ProjectPreferencesViewController.swift */ = {isa = PBXFileReference; lastKnownFileType = sourcecode.swift; path = ProjectPreferencesViewController.swift; sourceTree = "<group>"; };
		BACEFC5023101A1A00819815 /* ProjectPreferencesViewController.xib */ = {isa = PBXFileReference; lastKnownFileType = file.xib; path = ProjectPreferencesViewController.xib; sourceTree = "<group>"; };
		BAD6584822DB38600004DF1F /* FetchingMenuItemViewController.swift */ = {isa = PBXFileReference; lastKnownFileType = sourcecode.swift; name = FetchingMenuItemViewController.swift; path = CompileClock/Controllers/FetchingMenuItemViewController.swift; sourceTree = SOURCE_ROOT; };
		BAE9EDCF22D8E2D600DFFA7D /* XcodeBuild+CoreDataClass.swift */ = {isa = PBXFileReference; lastKnownFileType = sourcecode.swift; path = "XcodeBuild+CoreDataClass.swift"; sourceTree = "<group>"; };
		BAE9EDD022D8E2D600DFFA7D /* XcodeBuild+CoreDataProperties.swift */ = {isa = PBXFileReference; lastKnownFileType = sourcecode.swift; path = "XcodeBuild+CoreDataProperties.swift"; sourceTree = "<group>"; };
		BAE9EDD122D8E2D600DFFA7D /* XcodeProject+CoreDataClass.swift */ = {isa = PBXFileReference; lastKnownFileType = sourcecode.swift; path = "XcodeProject+CoreDataClass.swift"; sourceTree = "<group>"; };
		BAE9EDD222D8E2D600DFFA7D /* XcodeProject+CoreDataProperties.swift */ = {isa = PBXFileReference; lastKnownFileType = sourcecode.swift; path = "XcodeProject+CoreDataProperties.swift"; sourceTree = "<group>"; };
		BAEBA9E822EB75FA000A7FE0 /* FetchingMenuItemManager.swift */ = {isa = PBXFileReference; lastKnownFileType = sourcecode.swift; path = FetchingMenuItemManager.swift; sourceTree = "<group>"; };
		BAEBBB39231701530043A0B0 /* HelpWindowController.xib */ = {isa = PBXFileReference; lastKnownFileType = file.xib; path = HelpWindowController.xib; sourceTree = "<group>"; };
		BAEBBB3B231701C30043A0B0 /* HelpWindowController.swift */ = {isa = PBXFileReference; lastKnownFileType = sourcecode.swift; path = HelpWindowController.swift; sourceTree = "<group>"; };
		BAF5957223914BC20053C817 /* LicenseWindowController.swift */ = {isa = PBXFileReference; lastKnownFileType = sourcecode.swift; path = LicenseWindowController.swift; sourceTree = "<group>"; };
		BAF5957523914D800053C817 /* LicenseViewController.swift */ = {isa = PBXFileReference; lastKnownFileType = sourcecode.swift; path = LicenseViewController.swift; sourceTree = "<group>"; };
		BAF85FB6238C0A1F001CE547 /* NSUserNotification+Extensions.swift */ = {isa = PBXFileReference; lastKnownFileType = sourcecode.swift; path = "NSUserNotification+Extensions.swift"; sourceTree = "<group>"; };
		C701C13BEDA16A7F0D967F13 /* Pods_CompileClock.framework */ = {isa = PBXFileReference; explicitFileType = wrapper.framework; includeInIndex = 0; path = Pods_CompileClock.framework; sourceTree = BUILT_PRODUCTS_DIR; };
		FEB7504CC9929AEAFAF38397 /* Pods-CompileClock.release.xcconfig */ = {isa = PBXFileReference; includeInIndex = 1; lastKnownFileType = text.xcconfig; name = "Pods-CompileClock.release.xcconfig"; path = "Target Support Files/Pods-CompileClock/Pods-CompileClock.release.xcconfig"; sourceTree = "<group>"; };
/* End PBXFileReference section */

/* Begin PBXFrameworksBuildPhase section */
		BABD830D22D8D91F0072A263 /* Frameworks */ = {
			isa = PBXFrameworksBuildPhase;
			buildActionMask = 2147483647;
			files = (
				BA1E8333236DC4DF00837E9C /* KeychainAccess in Frameworks */,
				BA75DD652390044C00A7FF3F /* CocoaFob.framework in Frameworks */,
				BA51957A22D8DB0600947899 /* Gzip in Frameworks */,
				2115D3D0A0148D5D3FA09634 /* Pods_CompileClock.framework in Frameworks */,
			);
			runOnlyForDeploymentPostprocessing = 0;
		};
		BABD832022D8D9200072A263 /* Frameworks */ = {
			isa = PBXFrameworksBuildPhase;
			buildActionMask = 2147483647;
			files = (
				B19CFDEE181CE80396460A9A /* Pods_CompileClockTests.framework in Frameworks */,
			);
			runOnlyForDeploymentPostprocessing = 0;
		};
/* End PBXFrameworksBuildPhase section */

/* Begin PBXGroup section */
		48A5CE5784F4AEC2ECAFE5C8 /* Pods */ = {
			isa = PBXGroup;
			children = (
				956ABBE09BC9E78B33F69243 /* Pods-CompileClock.debug.xcconfig */,
				FEB7504CC9929AEAFAF38397 /* Pods-CompileClock.release.xcconfig */,
				429DDD52CD1EFE6F8804E490 /* Pods-CompileClockTests.debug.xcconfig */,
				4BCE8BE092A0AEB49408EFD7 /* Pods-CompileClockTests.release.xcconfig */,
			);
			path = Pods;
			sourceTree = "<group>";
		};
		BA75DD632390044C00A7FF3F /* Frameworks */ = {
			isa = PBXGroup;
			children = (
				BA75DD642390044C00A7FF3F /* CocoaFob.framework */,
				C701C13BEDA16A7F0D967F13 /* Pods_CompileClock.framework */,
				B26DD158E957AE9BC8E934E9 /* Pods_CompileClockTests.framework */,
			);
			name = Frameworks;
			sourceTree = "<group>";
		};
		BA75DD6A23901DE100A7FF3F /* Licensing */ = {
			isa = PBXGroup;
			children = (
				BA75DD6823900DF600A7FF3F /* LicenseKeyVerifier.swift */,
				BA75DD6B23901DF800A7FF3F /* License.swift */,
				BA75DD6D23901E9900A7FF3F /* LicenseProvider.swift */,
				BA9FC1912390223A009A886F /* LicenseWriter.swift */,
				BA9FC19323902D90009A886F /* LicenseFactory.swift */,
				BA9FC19523913851009A886F /* RegisterService.swift */,
				BA4F0F1D23927E18009DB373 /* LicenseChangeBroadcaster.swift */,
				BA4F0F2023927FE2009DB373 /* Licensing.swift */,
				BA4F0F2223928AF1009DB373 /* LicensingProvider.swift */,
			);
			path = Licensing;
			sourceTree = "<group>";
		};
		BA87B36D233FC47700B5330F /* NetworkingLayer */ = {
			isa = PBXGroup;
			children = (
				BA87B374233FC64500B5330F /* Service */,
				BA87B371233FC60A00B5330F /* Encoding */,
				BA87B36E233FC4DD00B5330F /* Endpoint */,
			);
			path = NetworkingLayer;
			sourceTree = "<group>";
		};
		BA87B36E233FC4DD00B5330F /* Endpoint */ = {
			isa = PBXGroup;
			children = (
				BA87B36F233FC4EB00B5330F /* EndpointType.swift */,
				BA87B37F2340BC6200B5330F /* Endpoints.swift */,
			);
			path = Endpoint;
			sourceTree = "<group>";
		};
		BA87B371233FC60A00B5330F /* Encoding */ = {
			isa = PBXGroup;
			children = (
				BA87B372233FC61700B5330F /* Encoders.swift */,
				BA87B377233FC7DB00B5330F /* URLParameterEncoder.swift */,
				BA87B379233FCA8400B5330F /* JSONBodyEncoder.swift */,
			);
			path = Encoding;
			sourceTree = "<group>";
		};
		BA87B374233FC64500B5330F /* Service */ = {
			isa = PBXGroup;
			children = (
				BA87B375233FC65700B5330F /* HTTPTask.swift */,
				BA87B37B2340AFBE00B5330F /* NetworkRouter.swift */,
				BA87B37D2340B14800B5330F /* Router.swift */,
				BA201610232E736300190D46 /* APIManager.swift */,
			);
			path = Service;
			sourceTree = "<group>";
		};
		BABD830722D8D91F0072A263 = {
			isa = PBXGroup;
			children = (
				BABD831222D8D91F0072A263 /* CompileClock */,
				BABD832622D8D9200072A263 /* BuildBuddyTests */,
				BABD831122D8D91F0072A263 /* Products */,
				BA75DD632390044C00A7FF3F /* Frameworks */,
				48A5CE5784F4AEC2ECAFE5C8 /* Pods */,
				BAD4F09F239FA205001D9BF0 /* Recovered References */,
			);
			sourceTree = "<group>";
		};
		BABD831122D8D91F0072A263 /* Products */ = {
			isa = PBXGroup;
			children = (
				BABD831022D8D91F0072A263 /* CompileClock.app */,
				BABD832322D8D9200072A263 /* CompileClockTests.xctest */,
			);
			name = Products;
			sourceTree = "<group>";
		};
		BABD831222D8D91F0072A263 /* CompileClock */ = {
			isa = PBXGroup;
			children = (
				BA87B36D233FC47700B5330F /* NetworkingLayer */,
				BABD836722D8D9800072A263 /* AppDelegate.swift */,
				BABD831D22D8D9200072A263 /* Info.plist */,
				BA29DA8A236B67AC00F483D0 /* compileclock.com.der */,
				BABD835E22D8D96F0072A263 /* Controllers */,
				BABD835222D8D9680072A263 /* Xibs */,
				BA75DD6A23901DE100A7FF3F /* Licensing */,
				BABD834B22D8D95E0072A263 /* Extensions */,
				BABD834822D8D9580072A263 /* CoreData */,
				BABD836922D8D98B0072A263 /* Assets.xcassets */,
				BABD833D22D8D94F0072A263 /* Helpers */,
				BABD833222D8D9480072A263 /* Models */,
				BABD831522D8D91F0072A263 /* CompileClock.xcdatamodeld */,
			);
			path = CompileClock;
			sourceTree = "<group>";
		};
		BABD832622D8D9200072A263 /* BuildBuddyTests */ = {
			isa = PBXGroup;
			children = (
				BABD832722D8D9200072A263 /* BuildBuddyTests.swift */,
				BABD832922D8D9200072A263 /* Info.plist */,
			);
			path = BuildBuddyTests;
			sourceTree = "<group>";
		};
		BABD833222D8D9480072A263 /* Models */ = {
			isa = PBXGroup;
			children = (
				BA30DC1A2321174B0017030D /* User+CoreDataClass.swift */,
				BA30DC1B2321174B0017030D /* User+CoreDataProperties.swift */,
				BAE9EDCF22D8E2D600DFFA7D /* XcodeBuild+CoreDataClass.swift */,
				BAE9EDD022D8E2D600DFFA7D /* XcodeBuild+CoreDataProperties.swift */,
				BAE9EDD122D8E2D600DFFA7D /* XcodeProject+CoreDataClass.swift */,
				BAE9EDD222D8E2D600DFFA7D /* XcodeProject+CoreDataProperties.swift */,
				BABD833622D8D9480072A263 /* XcodeProjectMenuItem.swift */,
			);
			path = Models;
			sourceTree = "<group>";
		};
		BABD833D22D8D94F0072A263 /* Helpers */ = {
			isa = PBXGroup;
			children = (
				BA4E630322DB6B0C00F54E20 /* Listener.swift */,
				BABD833E22D8D94F0072A263 /* ActivityLogManager.swift */,
				BA1E8334236EBDFA00837E9C /* KeychainManager.swift */,
				BA9AF57D22EDA9540014790C /* Calender+Extensions.swift */,
				BABD833F22D8D94F0072A263 /* XcodeProjectMenuItemHelper.swift */,
				BABD834122D8D94F0072A263 /* XcodeProjectManager.swift */,
				BABD834222D8D94F0072A263 /* PreferencesManager.swift */,
				BA0FAD9F238995ED00BA456F /* HelpManager.swift */,
				BA7848B823004361005BD748 /* LogUtility.swift */,
				BAEBA9E822EB75FA000A7FE0 /* FetchingMenuItemManager.swift */,
				BA8C3FCD22DCC1B30051BFD5 /* StatsManager.swift */,
				BA0A41B922E3586800D5C1B0 /* DerivedDataPanelManager.swift */,
				BA0A41BB22E35D0100D5C1B0 /* WelcomeManager.swift */,
				BAA7F9B722FEF59300C37E26 /* StatusItemAnimationManager.swift */,
				BA94A3FE23213A740075423A /* DatabaseManager.swift */,
				BAC193E22348FDB9008A4D80 /* Environment.swift */,
			);
			path = Helpers;
			sourceTree = "<group>";
		};
		BABD834822D8D9580072A263 /* CoreData */ = {
			isa = PBXGroup;
			children = (
				BABD834922D8D9580072A263 /* CoreDataManager.swift */,
			);
			path = CoreData;
			sourceTree = "<group>";
		};
		BABD834B22D8D95E0072A263 /* Extensions */ = {
			isa = PBXGroup;
			children = (
				BABD834C22D8D95E0072A263 /* String+Extensions.swift */,
				BA4D96D2230982A0007820EC /* NSAlert+Extensions.swift */,
				BA35A19A22E5EA01000ABC5E /* NSWindow+Extensions.swift */,
				BABD834D22D8D95E0072A263 /* UserDefaults+Extensions.swift */,
				BABD834E22D8D95E0072A263 /* Double+Extensions.swift */,
				BA743AFC22DA1D18009A6748 /* FileManager+Extensions.swift */,
				BA5FAC5923193BC900074668 /* Date+Extensions.swift */,
				BA9579E42305D3EF00445804 /* NSAppearance+Extensions.swift */,
				BA2D34A023520E6500E085B7 /* NSManagedObject+Extensions.swift */,
				BA48A7C5238185C10090FC5E /* NSManagedObjectContext+Extensions.swift */,
				BAB38AEB232557AE0057F635 /* URLRequest+Extensions.swift */,
				BAF85FB6238C0A1F001CE547 /* NSUserNotification+Extensions.swift */,
			);
			path = Extensions;
			sourceTree = "<group>";
		};
		BABD835222D8D9680072A263 /* Xibs */ = {
			isa = PBXGroup;
			children = (
				BAC2213422F5C33500025361 /* AlternateNamesWindowController.xib */,
				BABD835722D8D9680072A263 /* BuildListWindowController.xib */,
				BABD835322D8D9680072A263 /* DatePickerPopoverViewController.xib */,
				BABF851922DB25550032FF16 /* FetchingMenuItemView.xib */,
				BA8C3FD122DCC53F0051BFD5 /* StatsWindowController.xib */,
				BA5EC74422DE010C009632E3 /* StatsViewController.xib */,
				BABD835822D8D9680072A263 /* PreferencesWindowController.xib */,
				BA0A41B522E32CEE00D5C1B0 /* WelcomeWindowController.xib */,
				BABD835622D8D9680072A263 /* MenuPreferencesViewController.xib */,
				BA8D506E22E0609A005EE413 /* AdvancedPreferencesViewController.xib */,
				BACEFC5023101A1A00819815 /* ProjectPreferencesViewController.xib */,
				BA9FC1992391412D009A886F /* LicenseWindowController.xib */,
				BAEBBB39231701530043A0B0 /* HelpWindowController.xib */,
				BABD835422D8D9680072A263 /* MainMenu.xib */,
			);
			path = Xibs;
			sourceTree = "<group>";
		};
		BABD835E22D8D96F0072A263 /* Controllers */ = {
			isa = PBXGroup;
			children = (
				BAC2213022F5C2C300025361 /* AlternateNamesWindowController.swift */,
				BABD835F22D8D96F0072A263 /* BuildListWindowController.swift */,
				BABD836022D8D96F0072A263 /* DatePickerPopoverViewController.swift */,
				BAD6584822DB38600004DF1F /* FetchingMenuItemViewController.swift */,
				BA8C3FCF22DCC5260051BFD5 /* StatsWindowController.swift */,
				BA5EC74322DE010C009632E3 /* StatsViewController.swift */,
				BAF5957523914D800053C817 /* LicenseViewController.swift */,
				BAF5957223914BC20053C817 /* LicenseWindowController.swift */,
				BA8D507122E1E136005EE413 /* StatsViewModel.swift */,
				BABD836122D8D96F0072A263 /* PreferencesWindowController.swift */,
				BA0A41B722E3482C00D5C1B0 /* WelcomeWindowController.swift */,
				BABD836222D8D96F0072A263 /* MenuPreferencesViewController.swift */,
				BA8D506D22E0609A005EE413 /* AdvancedPreferencesViewController.swift */,
				BAEBBB3B231701C30043A0B0 /* HelpWindowController.swift */,
				BACEFC4F23101A1A00819815 /* ProjectPreferencesViewController.swift */,
			);
			path = Controllers;
			sourceTree = "<group>";
		};
		BAD4F09F239FA205001D9BF0 /* Recovered References */ = {
			isa = PBXGroup;
			children = (
				713BCD1F189F935132B9E64C /* Pods_BuildBuddy.framework */,
			);
			name = "Recovered References";
			sourceTree = "<group>";
		};
/* End PBXGroup section */

/* Begin PBXNativeTarget section */
		BABD830F22D8D91F0072A263 /* CompileClock */ = {
			isa = PBXNativeTarget;
			buildConfigurationList = BABD832C22D8D9200072A263 /* Build configuration list for PBXNativeTarget "CompileClock" */;
			buildPhases = (
				2B506C83BB5802C491516BA3 /* [CP] Check Pods Manifest.lock */,
				BABD830C22D8D91F0072A263 /* Sources */,
				BABD830D22D8D91F0072A263 /* Frameworks */,
				BABD830E22D8D91F0072A263 /* Resources */,
				BA75DD672390044C00A7FF3F /* Embed Frameworks */,
				EA279F37CA37A50ED177491C /* [CP] Embed Pods Frameworks */,
			);
			buildRules = (
			);
			dependencies = (
			);
			name = CompileClock;
			packageProductDependencies = (
				BA51957922D8DB0600947899 /* Gzip */,
				BA1E8332236DC4DF00837E9C /* KeychainAccess */,
			);
			productName = BuildBuddy;
			productReference = BABD831022D8D91F0072A263 /* CompileClock.app */;
			productType = "com.apple.product-type.application";
		};
		BABD832222D8D9200072A263 /* CompileClockTests */ = {
			isa = PBXNativeTarget;
			buildConfigurationList = BABD832F22D8D9200072A263 /* Build configuration list for PBXNativeTarget "CompileClockTests" */;
			buildPhases = (
				CC3BB028E8914678EE0C272E /* [CP] Check Pods Manifest.lock */,
				BABD831F22D8D9200072A263 /* Sources */,
				BABD832022D8D9200072A263 /* Frameworks */,
				BABD832122D8D9200072A263 /* Resources */,
			);
			buildRules = (
			);
			dependencies = (
				BABD832522D8D9200072A263 /* PBXTargetDependency */,
			);
			name = CompileClockTests;
			productName = BuildBuddyTests;
			productReference = BABD832322D8D9200072A263 /* CompileClockTests.xctest */;
			productType = "com.apple.product-type.bundle.unit-test";
		};
/* End PBXNativeTarget section */

/* Begin PBXProject section */
		BABD830822D8D91F0072A263 /* Project object */ = {
			isa = PBXProject;
			attributes = {
				LastSwiftUpdateCheck = 1100;
				LastUpgradeCheck = 1100;
				ORGANIZATIONNAME = "Henry Cooper";
				TargetAttributes = {
					BABD830F22D8D91F0072A263 = {
						CreatedOnToolsVersion = 11.0;
					};
					BABD832222D8D9200072A263 = {
						CreatedOnToolsVersion = 11.0;
						TestTargetID = BABD830F22D8D91F0072A263;
					};
				};
			};
			buildConfigurationList = BABD830B22D8D91F0072A263 /* Build configuration list for PBXProject "CompileClock" */;
			compatibilityVersion = "Xcode 9.3";
			developmentRegion = en;
			hasScannedForEncodings = 0;
			knownRegions = (
				en,
				Base,
			);
			mainGroup = BABD830722D8D91F0072A263;
			packageReferences = (
				BA51957822D8DB0600947899 /* XCRemoteSwiftPackageReference "GzipSwift" */,
				BA1E8331236DC4DF00837E9C /* XCRemoteSwiftPackageReference "KeychainAccess" */,
			);
			productRefGroup = BABD831122D8D91F0072A263 /* Products */;
			projectDirPath = "";
			projectRoot = "";
			targets = (
				BABD830F22D8D91F0072A263 /* CompileClock */,
				BABD832222D8D9200072A263 /* CompileClockTests */,
			);
		};
/* End PBXProject section */

/* Begin PBXResourcesBuildPhase section */
		BABD830E22D8D91F0072A263 /* Resources */ = {
			isa = PBXResourcesBuildPhase;
			buildActionMask = 2147483647;
			files = (
				BABD835922D8D9680072A263 /* DatePickerPopoverViewController.xib in Resources */,
				BA29DA8B236B683F00F483D0 /* compileclock.com.der in Resources */,
				BABD835A22D8D9680072A263 /* MainMenu.xib in Resources */,
				BABD835C22D8D9680072A263 /* BuildListWindowController.xib in Resources */,
				BA8D507022E0609A005EE413 /* AdvancedPreferencesViewController.xib in Resources */,
				BABD835D22D8D9680072A263 /* PreferencesWindowController.xib in Resources */,
				BABD836A22D8D98B0072A263 /* Assets.xcassets in Resources */,
				BA8C3FD222DCC53F0051BFD5 /* StatsWindowController.xib in Resources */,
				BABD835B22D8D9680072A263 /* MenuPreferencesViewController.xib in Resources */,
				BA0A41B622E32CEE00D5C1B0 /* WelcomeWindowController.xib in Resources */,
				BA12D3D6239E92D9008F17B0 /* Info.plist in Resources */,
				BA5EC74622DE010C009632E3 /* StatsViewController.xib in Resources */,
				BA9FC19A2391412D009A886F /* LicenseWindowController.xib in Resources */,
				BACEFC5223101A1A00819815 /* ProjectPreferencesViewController.xib in Resources */,
				BABF851A22DB25550032FF16 /* FetchingMenuItemView.xib in Resources */,
				BAC2213522F5C33500025361 /* AlternateNamesWindowController.xib in Resources */,
				BAEBBB3A231701530043A0B0 /* HelpWindowController.xib in Resources */,
			);
			runOnlyForDeploymentPostprocessing = 0;
		};
		BABD832122D8D9200072A263 /* Resources */ = {
			isa = PBXResourcesBuildPhase;
			buildActionMask = 2147483647;
			files = (
			);
			runOnlyForDeploymentPostprocessing = 0;
		};
/* End PBXResourcesBuildPhase section */

/* Begin PBXShellScriptBuildPhase section */
		2B506C83BB5802C491516BA3 /* [CP] Check Pods Manifest.lock */ = {
			isa = PBXShellScriptBuildPhase;
			buildActionMask = 2147483647;
			files = (
			);
			inputFileListPaths = (
			);
			inputPaths = (
				"${PODS_PODFILE_DIR_PATH}/Podfile.lock",
				"${PODS_ROOT}/Manifest.lock",
			);
			name = "[CP] Check Pods Manifest.lock";
			outputFileListPaths = (
			);
			outputPaths = (
				"$(DERIVED_FILE_DIR)/Pods-CompileClock-checkManifestLockResult.txt",
			);
			runOnlyForDeploymentPostprocessing = 0;
			shellPath = /bin/sh;
			shellScript = "diff \"${PODS_PODFILE_DIR_PATH}/Podfile.lock\" \"${PODS_ROOT}/Manifest.lock\" > /dev/null\nif [ $? != 0 ] ; then\n    # print error to STDERR\n    echo \"error: The sandbox is not in sync with the Podfile.lock. Run 'pod install' or update your CocoaPods installation.\" >&2\n    exit 1\nfi\n# This output is used by Xcode 'outputs' to avoid re-running this script phase.\necho \"SUCCESS\" > \"${SCRIPT_OUTPUT_FILE_0}\"\n";
			showEnvVarsInLog = 0;
		};
		CC3BB028E8914678EE0C272E /* [CP] Check Pods Manifest.lock */ = {
			isa = PBXShellScriptBuildPhase;
			buildActionMask = 2147483647;
			files = (
			);
			inputFileListPaths = (
			);
			inputPaths = (
				"${PODS_PODFILE_DIR_PATH}/Podfile.lock",
				"${PODS_ROOT}/Manifest.lock",
			);
			name = "[CP] Check Pods Manifest.lock";
			outputFileListPaths = (
			);
			outputPaths = (
				"$(DERIVED_FILE_DIR)/Pods-CompileClockTests-checkManifestLockResult.txt",
			);
			runOnlyForDeploymentPostprocessing = 0;
			shellPath = /bin/sh;
			shellScript = "diff \"${PODS_PODFILE_DIR_PATH}/Podfile.lock\" \"${PODS_ROOT}/Manifest.lock\" > /dev/null\nif [ $? != 0 ] ; then\n    # print error to STDERR\n    echo \"error: The sandbox is not in sync with the Podfile.lock. Run 'pod install' or update your CocoaPods installation.\" >&2\n    exit 1\nfi\n# This output is used by Xcode 'outputs' to avoid re-running this script phase.\necho \"SUCCESS\" > \"${SCRIPT_OUTPUT_FILE_0}\"\n";
			showEnvVarsInLog = 0;
		};
		EA279F37CA37A50ED177491C /* [CP] Embed Pods Frameworks */ = {
			isa = PBXShellScriptBuildPhase;
			buildActionMask = 2147483647;
			files = (
			);
			inputFileListPaths = (
				"${PODS_ROOT}/Target Support Files/Pods-CompileClock/Pods-CompileClock-frameworks-${CONFIGURATION}-input-files.xcfilelist",
			);
			name = "[CP] Embed Pods Frameworks";
			outputFileListPaths = (
				"${PODS_ROOT}/Target Support Files/Pods-CompileClock/Pods-CompileClock-frameworks-${CONFIGURATION}-output-files.xcfilelist",
			);
			runOnlyForDeploymentPostprocessing = 0;
			shellPath = /bin/sh;
			shellScript = "\"${PODS_ROOT}/Target Support Files/Pods-CompileClock/Pods-CompileClock-frameworks.sh\"\n";
			showEnvVarsInLog = 0;
		};
/* End PBXShellScriptBuildPhase section */

/* Begin PBXSourcesBuildPhase section */
		BABD830C22D8D91F0072A263 /* Sources */ = {
			isa = PBXSourcesBuildPhase;
			buildActionMask = 2147483647;
			files = (
				BA0A41B822E3482C00D5C1B0 /* WelcomeWindowController.swift in Sources */,
				BA4F0F1E23927E18009DB373 /* LicenseChangeBroadcaster.swift in Sources */,
				BA4F0F2323928AF1009DB373 /* LicensingProvider.swift in Sources */,
				BA4D96D3230982A0007820EC /* NSAlert+Extensions.swift in Sources */,
				BA75DD6E23901E9900A7FF3F /* LicenseProvider.swift in Sources */,
				BA87B373233FC61700B5330F /* Encoders.swift in Sources */,
				BAE9EDD322D8E2D600DFFA7D /* XcodeBuild+CoreDataClass.swift in Sources */,
				BA1E8335236EBDFA00837E9C /* KeychainManager.swift in Sources */,
				BA87B37E2340B14800B5330F /* Router.swift in Sources */,
				BA87B37A233FCA8400B5330F /* JSONBodyEncoder.swift in Sources */,
				BA2D34A123520E6500E085B7 /* NSManagedObject+Extensions.swift in Sources */,
				BAB38AEC232557AE0057F635 /* URLRequest+Extensions.swift in Sources */,
				BA0A41BC22E35D0100D5C1B0 /* WelcomeManager.swift in Sources */,
				BA30DC1D2321174B0017030D /* User+CoreDataProperties.swift in Sources */,
				BAF5957623914D800053C817 /* LicenseViewController.swift in Sources */,
				BA48A7C6238185C10090FC5E /* NSManagedObjectContext+Extensions.swift in Sources */,
				BACEFC5123101A1A00819815 /* ProjectPreferencesViewController.swift in Sources */,
				BA8C3FD022DCC5260051BFD5 /* StatsWindowController.swift in Sources */,
				BA7848B923004361005BD748 /* LogUtility.swift in Sources */,
				BAE9EDD622D8E2D600DFFA7D /* XcodeProject+CoreDataProperties.swift in Sources */,
				BAE9EDD522D8E2D600DFFA7D /* XcodeProject+CoreDataClass.swift in Sources */,
				BA9FC19623913851009A886F /* RegisterService.swift in Sources */,
				BA0A41BA22E3586800D5C1B0 /* DerivedDataPanelManager.swift in Sources */,
				BABD834F22D8D95E0072A263 /* String+Extensions.swift in Sources */,
				BAE9EDD422D8E2D600DFFA7D /* XcodeBuild+CoreDataProperties.swift in Sources */,
				BA87B376233FC65700B5330F /* HTTPTask.swift in Sources */,
				BAF85FB7238C0A1F001CE547 /* NSUserNotification+Extensions.swift in Sources */,
				BA9579E52305D3EF00445804 /* NSAppearance+Extensions.swift in Sources */,
				BA9FC19423902D90009A886F /* LicenseFactory.swift in Sources */,
				BA75DD6C23901DF800A7FF3F /* License.swift in Sources */,
				BA35A19B22E5EA01000ABC5E /* NSWindow+Extensions.swift in Sources */,
				BABD836322D8D96F0072A263 /* BuildListWindowController.swift in Sources */,
				BAC2213122F5C2C300025361 /* AlternateNamesWindowController.swift in Sources */,
				BABD834422D8D94F0072A263 /* XcodeProjectMenuItemHelper.swift in Sources */,
				BABD835022D8D95E0072A263 /* UserDefaults+Extensions.swift in Sources */,
				BAD6584922DB38600004DF1F /* FetchingMenuItemViewController.swift in Sources */,
				BA743AFD22DA1D18009A6748 /* FileManager+Extensions.swift in Sources */,
				BA30DC1C2321174B0017030D /* User+CoreDataClass.swift in Sources */,
				BA9AF57E22EDA9540014790C /* Calender+Extensions.swift in Sources */,
				BAEBBB3C231701C30043A0B0 /* HelpWindowController.swift in Sources */,
				BAC193E32348FDB9008A4D80 /* Environment.swift in Sources */,
				BA0FADA0238995ED00BA456F /* HelpManager.swift in Sources */,
				BABD836522D8D96F0072A263 /* PreferencesWindowController.swift in Sources */,
				BA87B378233FC7DB00B5330F /* URLParameterEncoder.swift in Sources */,
				BABD834722D8D94F0072A263 /* PreferencesManager.swift in Sources */,
				BA8D507222E1E136005EE413 /* StatsViewModel.swift in Sources */,
				BAA7F9B822FEF59300C37E26 /* StatusItemAnimationManager.swift in Sources */,
				BABD836822D8D9800072A263 /* AppDelegate.swift in Sources */,
				BA5FAC5A23193BC900074668 /* Date+Extensions.swift in Sources */,
				BA87B370233FC4EB00B5330F /* EndpointType.swift in Sources */,
				BA8C3FCE22DCC1B30051BFD5 /* StatsManager.swift in Sources */,
				BA9FC1922390223A009A886F /* LicenseWriter.swift in Sources */,
				BABD836422D8D96F0072A263 /* DatePickerPopoverViewController.swift in Sources */,
				BA87B37C2340AFBE00B5330F /* NetworkRouter.swift in Sources */,
				BABD831722D8D91F0072A263 /* CompileClock.xcdatamodeld in Sources */,
				BA4F0F2123927FE2009DB373 /* Licensing.swift in Sources */,
				BA75DD6923900DF600A7FF3F /* LicenseKeyVerifier.swift in Sources */,
				BABD834A22D8D9580072A263 /* CoreDataManager.swift in Sources */,
				BA5EC74522DE010C009632E3 /* StatsViewController.swift in Sources */,
				BABD835122D8D95E0072A263 /* Double+Extensions.swift in Sources */,
				BABD836622D8D96F0072A263 /* MenuPreferencesViewController.swift in Sources */,
				BAF5957323914BC20053C817 /* LicenseWindowController.swift in Sources */,
				BA201611232E736300190D46 /* APIManager.swift in Sources */,
				BA8D506F22E0609A005EE413 /* AdvancedPreferencesViewController.swift in Sources */,
				BABD834622D8D94F0072A263 /* XcodeProjectManager.swift in Sources */,
				BABD834322D8D94F0072A263 /* ActivityLogManager.swift in Sources */,
				BABD833B22D8D9480072A263 /* XcodeProjectMenuItem.swift in Sources */,
				BA4E630422DB6B0C00F54E20 /* Listener.swift in Sources */,
				BA94A3FF23213A740075423A /* DatabaseManager.swift in Sources */,
				BAEBA9E922EB75FA000A7FE0 /* FetchingMenuItemManager.swift in Sources */,
				BA87B3802340BC6200B5330F /* Endpoints.swift in Sources */,
			);
			runOnlyForDeploymentPostprocessing = 0;
		};
		BABD831F22D8D9200072A263 /* Sources */ = {
			isa = PBXSourcesBuildPhase;
			buildActionMask = 2147483647;
			files = (
				BABD832822D8D9200072A263 /* BuildBuddyTests.swift in Sources */,
			);
			runOnlyForDeploymentPostprocessing = 0;
		};
/* End PBXSourcesBuildPhase section */

/* Begin PBXTargetDependency section */
		BABD832522D8D9200072A263 /* PBXTargetDependency */ = {
			isa = PBXTargetDependency;
			target = BABD830F22D8D91F0072A263 /* CompileClock */;
			targetProxy = BABD832422D8D9200072A263 /* PBXContainerItemProxy */;
		};
/* End PBXTargetDependency section */

/* Begin PBXVariantGroup section */
		BABD835422D8D9680072A263 /* MainMenu.xib */ = {
			isa = PBXVariantGroup;
			children = (
				BABD835522D8D9680072A263 /* Base */,
			);
			name = MainMenu.xib;
			sourceTree = "<group>";
		};
/* End PBXVariantGroup section */

/* Begin XCBuildConfiguration section */
		BABD832A22D8D9200072A263 /* Debug */ = {
			isa = XCBuildConfiguration;
			buildSettings = {
				ALWAYS_SEARCH_USER_PATHS = NO;
				CLANG_ANALYZER_NONNULL = YES;
				CLANG_ANALYZER_NUMBER_OBJECT_CONVERSION = YES_AGGRESSIVE;
				CLANG_CXX_LANGUAGE_STANDARD = "gnu++14";
				CLANG_CXX_LIBRARY = "libc++";
				CLANG_ENABLE_MODULES = YES;
				CLANG_ENABLE_OBJC_ARC = YES;
				CLANG_ENABLE_OBJC_WEAK = YES;
				CLANG_WARN_BLOCK_CAPTURE_AUTORELEASING = YES;
				CLANG_WARN_BOOL_CONVERSION = YES;
				CLANG_WARN_COMMA = YES;
				CLANG_WARN_CONSTANT_CONVERSION = YES;
				CLANG_WARN_DEPRECATED_OBJC_IMPLEMENTATIONS = YES;
				CLANG_WARN_DIRECT_OBJC_ISA_USAGE = YES_ERROR;
				CLANG_WARN_DOCUMENTATION_COMMENTS = YES;
				CLANG_WARN_EMPTY_BODY = YES;
				CLANG_WARN_ENUM_CONVERSION = YES;
				CLANG_WARN_INFINITE_RECURSION = YES;
				CLANG_WARN_INT_CONVERSION = YES;
				CLANG_WARN_NON_LITERAL_NULL_CONVERSION = YES;
				CLANG_WARN_OBJC_IMPLICIT_RETAIN_SELF = YES;
				CLANG_WARN_OBJC_LITERAL_CONVERSION = YES;
				CLANG_WARN_OBJC_ROOT_CLASS = YES_ERROR;
				CLANG_WARN_RANGE_LOOP_ANALYSIS = YES;
				CLANG_WARN_STRICT_PROTOTYPES = YES;
				CLANG_WARN_SUSPICIOUS_MOVE = YES;
				CLANG_WARN_UNGUARDED_AVAILABILITY = YES_AGGRESSIVE;
				CLANG_WARN_UNREACHABLE_CODE = YES;
				CLANG_WARN__DUPLICATE_METHOD_MATCH = YES;
				COPY_PHASE_STRIP = NO;
				DEBUG_INFORMATION_FORMAT = dwarf;
				ENABLE_STRICT_OBJC_MSGSEND = YES;
				ENABLE_TESTABILITY = YES;
				GCC_C_LANGUAGE_STANDARD = gnu11;
				GCC_DYNAMIC_NO_PIC = NO;
				GCC_NO_COMMON_BLOCKS = YES;
				GCC_OPTIMIZATION_LEVEL = 0;
				GCC_PREPROCESSOR_DEFINITIONS = (
					"DEBUG=1",
					"$(inherited)",
				);
				GCC_WARN_64_TO_32_BIT_CONVERSION = YES;
				GCC_WARN_ABOUT_RETURN_TYPE = YES_ERROR;
				GCC_WARN_UNDECLARED_SELECTOR = YES;
				GCC_WARN_UNINITIALIZED_AUTOS = YES_AGGRESSIVE;
				GCC_WARN_UNUSED_FUNCTION = YES;
				GCC_WARN_UNUSED_VARIABLE = YES;
				MACOSX_DEPLOYMENT_TARGET = 10.14;
				MTL_ENABLE_DEBUG_INFO = INCLUDE_SOURCE;
				MTL_FAST_MATH = YES;
				ONLY_ACTIVE_ARCH = YES;
				SDKROOT = macosx;
				SWIFT_ACTIVE_COMPILATION_CONDITIONS = "DEBUG DEV";
				SWIFT_OPTIMIZATION_LEVEL = "-Onone";
			};
			name = Debug;
		};
		BABD832B22D8D9200072A263 /* Release */ = {
			isa = XCBuildConfiguration;
			buildSettings = {
				ALWAYS_SEARCH_USER_PATHS = NO;
				CLANG_ANALYZER_NONNULL = YES;
				CLANG_ANALYZER_NUMBER_OBJECT_CONVERSION = YES_AGGRESSIVE;
				CLANG_CXX_LANGUAGE_STANDARD = "gnu++14";
				CLANG_CXX_LIBRARY = "libc++";
				CLANG_ENABLE_MODULES = YES;
				CLANG_ENABLE_OBJC_ARC = YES;
				CLANG_ENABLE_OBJC_WEAK = YES;
				CLANG_WARN_BLOCK_CAPTURE_AUTORELEASING = YES;
				CLANG_WARN_BOOL_CONVERSION = YES;
				CLANG_WARN_COMMA = YES;
				CLANG_WARN_CONSTANT_CONVERSION = YES;
				CLANG_WARN_DEPRECATED_OBJC_IMPLEMENTATIONS = YES;
				CLANG_WARN_DIRECT_OBJC_ISA_USAGE = YES_ERROR;
				CLANG_WARN_DOCUMENTATION_COMMENTS = YES;
				CLANG_WARN_EMPTY_BODY = YES;
				CLANG_WARN_ENUM_CONVERSION = YES;
				CLANG_WARN_INFINITE_RECURSION = YES;
				CLANG_WARN_INT_CONVERSION = YES;
				CLANG_WARN_NON_LITERAL_NULL_CONVERSION = YES;
				CLANG_WARN_OBJC_IMPLICIT_RETAIN_SELF = YES;
				CLANG_WARN_OBJC_LITERAL_CONVERSION = YES;
				CLANG_WARN_OBJC_ROOT_CLASS = YES_ERROR;
				CLANG_WARN_RANGE_LOOP_ANALYSIS = YES;
				CLANG_WARN_STRICT_PROTOTYPES = YES;
				CLANG_WARN_SUSPICIOUS_MOVE = YES;
				CLANG_WARN_UNGUARDED_AVAILABILITY = YES_AGGRESSIVE;
				CLANG_WARN_UNREACHABLE_CODE = YES;
				CLANG_WARN__DUPLICATE_METHOD_MATCH = YES;
				COPY_PHASE_STRIP = NO;
				DEBUG_INFORMATION_FORMAT = "dwarf-with-dsym";
				ENABLE_NS_ASSERTIONS = NO;
				ENABLE_STRICT_OBJC_MSGSEND = YES;
				GCC_C_LANGUAGE_STANDARD = gnu11;
				GCC_NO_COMMON_BLOCKS = YES;
				"GCC_PREPROCESSOR_DEFINITIONS[arch=*]" = "";
				GCC_WARN_64_TO_32_BIT_CONVERSION = YES;
				GCC_WARN_ABOUT_RETURN_TYPE = YES_ERROR;
				GCC_WARN_UNDECLARED_SELECTOR = YES;
				GCC_WARN_UNINITIALIZED_AUTOS = YES_AGGRESSIVE;
				GCC_WARN_UNUSED_FUNCTION = YES;
				GCC_WARN_UNUSED_VARIABLE = YES;
				MACOSX_DEPLOYMENT_TARGET = 10.14;
				MTL_ENABLE_DEBUG_INFO = NO;
				MTL_FAST_MATH = YES;
				SDKROOT = macosx;
				SWIFT_COMPILATION_MODE = wholemodule;
				SWIFT_OPTIMIZATION_LEVEL = "-O";
			};
			name = Release;
		};
		BABD832D22D8D9200072A263 /* Debug */ = {
			isa = XCBuildConfiguration;
			baseConfigurationReference = 956ABBE09BC9E78B33F69243 /* Pods-CompileClock.debug.xcconfig */;
			buildSettings = {
				ASSETCATALOG_COMPILER_APPICON_NAME = AppIcon;
				CODE_SIGN_ENTITLEMENTS = CompileClock/CompileClock.entitlements;
				CODE_SIGN_STYLE = Automatic;
				COMBINE_HIDPI_IMAGES = YES;
				CURRENT_PROJECT_VERSION = 1;
				DEVELOPMENT_TEAM = ZUT4ATB28X;
				ENABLE_HARDENED_RUNTIME = YES;
				FRAMEWORK_SEARCH_PATHS = (
					"$(inherited)",
					"$(PROJECT_DIR)/Carthage/Build/Mac",
				);
				INFOPLIST_FILE = CompileClock/Info.plist;
				LD_RUNPATH_SEARCH_PATHS = (
					"$(inherited)",
					"@executable_path/../Frameworks",
				);
				MARKETING_VERSION = 1.0;
				PRODUCT_BUNDLE_IDENTIFIER = com.henry.CompileClock;
				PRODUCT_NAME = CompileClock;
				SWIFT_VERSION = 5.0;
			};
			name = Debug;
		};
		BABD832E22D8D9200072A263 /* Release */ = {
			isa = XCBuildConfiguration;
			baseConfigurationReference = FEB7504CC9929AEAFAF38397 /* Pods-CompileClock.release.xcconfig */;
			buildSettings = {
				ASSETCATALOG_COMPILER_APPICON_NAME = AppIcon;
				CODE_SIGN_ENTITLEMENTS = CompileClock/CompileClock.entitlements;
				CODE_SIGN_STYLE = Automatic;
				COMBINE_HIDPI_IMAGES = YES;
				CURRENT_PROJECT_VERSION = 1;
				DEVELOPMENT_TEAM = ZUT4ATB28X;
				ENABLE_HARDENED_RUNTIME = YES;
				FRAMEWORK_SEARCH_PATHS = (
					"$(inherited)",
					"$(PROJECT_DIR)/Carthage/Build/Mac",
				);
				INFOPLIST_FILE = CompileClock/Info.plist;
				LD_RUNPATH_SEARCH_PATHS = (
					"$(inherited)",
					"@executable_path/../Frameworks",
				);
				MARKETING_VERSION = 1.0;
				PRODUCT_BUNDLE_IDENTIFIER = com.henry.CompileClock;
				PRODUCT_NAME = CompileClock;
				SWIFT_VERSION = 5.0;
			};
			name = Release;
		};
		BABD833022D8D9200072A263 /* Debug */ = {
			isa = XCBuildConfiguration;
			baseConfigurationReference = 429DDD52CD1EFE6F8804E490 /* Pods-CompileClockTests.debug.xcconfig */;
			buildSettings = {
				ALWAYS_EMBED_SWIFT_STANDARD_LIBRARIES = YES;
				BUNDLE_LOADER = "$(TEST_HOST)";
				CODE_SIGN_STYLE = Automatic;
				COMBINE_HIDPI_IMAGES = YES;
				DEVELOPMENT_TEAM = ZUT4ATB28X;
				INFOPLIST_FILE = BuildBuddyTests/Info.plist;
				LD_RUNPATH_SEARCH_PATHS = (
					"$(inherited)",
					"@executable_path/../Frameworks",
					"@loader_path/../Frameworks",
				);
				PRODUCT_BUNDLE_IDENTIFIER = com.henry.BuildBuddyTests;
				PRODUCT_NAME = "$(TARGET_NAME)";
				SWIFT_VERSION = 5.0;
				TEST_HOST = "$(BUILT_PRODUCTS_DIR)/CompileClock.app/Contents/MacOS/CompileClock";
			};
			name = Debug;
		};
		BABD833122D8D9200072A263 /* Release */ = {
			isa = XCBuildConfiguration;
			baseConfigurationReference = 4BCE8BE092A0AEB49408EFD7 /* Pods-CompileClockTests.release.xcconfig */;
			buildSettings = {
				ALWAYS_EMBED_SWIFT_STANDARD_LIBRARIES = YES;
				BUNDLE_LOADER = "$(TEST_HOST)";
				CODE_SIGN_STYLE = Automatic;
				COMBINE_HIDPI_IMAGES = YES;
				DEVELOPMENT_TEAM = ZUT4ATB28X;
				INFOPLIST_FILE = BuildBuddyTests/Info.plist;
				LD_RUNPATH_SEARCH_PATHS = (
					"$(inherited)",
					"@executable_path/../Frameworks",
					"@loader_path/../Frameworks",
				);
				PRODUCT_BUNDLE_IDENTIFIER = com.henry.BuildBuddyTests;
				PRODUCT_NAME = "$(TARGET_NAME)";
				SWIFT_VERSION = 5.0;
				TEST_HOST = "$(BUILT_PRODUCTS_DIR)/CompileClock.app/Contents/MacOS/CompileClock";
			};
			name = Release;
		};
/* End XCBuildConfiguration section */

/* Begin XCConfigurationList section */
		BABD830B22D8D91F0072A263 /* Build configuration list for PBXProject "CompileClock" */ = {
			isa = XCConfigurationList;
			buildConfigurations = (
				BABD832A22D8D9200072A263 /* Debug */,
				BABD832B22D8D9200072A263 /* Release */,
			);
			defaultConfigurationIsVisible = 0;
			defaultConfigurationName = Release;
		};
		BABD832C22D8D9200072A263 /* Build configuration list for PBXNativeTarget "CompileClock" */ = {
			isa = XCConfigurationList;
			buildConfigurations = (
				BABD832D22D8D9200072A263 /* Debug */,
				BABD832E22D8D9200072A263 /* Release */,
			);
			defaultConfigurationIsVisible = 0;
			defaultConfigurationName = Release;
		};
		BABD832F22D8D9200072A263 /* Build configuration list for PBXNativeTarget "CompileClockTests" */ = {
			isa = XCConfigurationList;
			buildConfigurations = (
				BABD833022D8D9200072A263 /* Debug */,
				BABD833122D8D9200072A263 /* Release */,
			);
			defaultConfigurationIsVisible = 0;
			defaultConfigurationName = Release;
		};
/* End XCConfigurationList section */

/* Begin XCRemoteSwiftPackageReference section */
		BA1E8331236DC4DF00837E9C /* XCRemoteSwiftPackageReference "KeychainAccess" */ = {
			isa = XCRemoteSwiftPackageReference;
			repositoryURL = "https://github.com/kishikawakatsumi/KeychainAccess";
			requirement = {
				kind = upToNextMajorVersion;
				minimumVersion = 4.1.0;
			};
		};
		BA51957822D8DB0600947899 /* XCRemoteSwiftPackageReference "GzipSwift" */ = {
			isa = XCRemoteSwiftPackageReference;
			repositoryURL = "https://github.com/1024jp/GzipSwift";
			requirement = {
				kind = upToNextMajorVersion;
				minimumVersion = 5.0.0;
			};
		};
/* End XCRemoteSwiftPackageReference section */

/* Begin XCSwiftPackageProductDependency section */
		BA1E8332236DC4DF00837E9C /* KeychainAccess */ = {
			isa = XCSwiftPackageProductDependency;
			package = BA1E8331236DC4DF00837E9C /* XCRemoteSwiftPackageReference "KeychainAccess" */;
			productName = KeychainAccess;
		};
		BA51957922D8DB0600947899 /* Gzip */ = {
			isa = XCSwiftPackageProductDependency;
			package = BA51957822D8DB0600947899 /* XCRemoteSwiftPackageReference "GzipSwift" */;
			productName = Gzip;
		};
/* End XCSwiftPackageProductDependency section */

/* Begin XCVersionGroup section */
		BABD831522D8D91F0072A263 /* CompileClock.xcdatamodeld */ = {
			isa = XCVersionGroup;
			children = (
				BABD831622D8D91F0072A263 /* CompileClock.xcdatamodel */,
			);
			currentVersion = BABD831622D8D91F0072A263 /* CompileClock.xcdatamodel */;
			path = CompileClock.xcdatamodeld;
			sourceTree = "<group>";
			versionGroupType = wrapper.xcdatamodel;
		};
/* End XCVersionGroup section */
	};
	rootObject = BABD830822D8D91F0072A263 /* Project object */;
}
